
Microsoft Visual Studio Solution File, Format Version 12.00
Project("{FAE04EC0-301F-11D3-BF4B-00C04F79EFBC}") = "DevNote.CLI", "src\DevNote.CLI\DevNote.CLI.csproj", "{C9F5FA6D-A5CB-4AC0-920B-AC2FE5187871}"
EndProject
Project("{FAE04EC0-301F-11D3-BF4B-00C04F79EFBC}") = "DevNote.CLI.Tests", "tests\DevNote.CLI.Tests\DevNote.CLI.Tests.csproj", "{82CA6B4B-0AFA-4E29-B016-52CC4886EC91}"
EndProject
Project("{FAE04EC0-301F-11D3-BF4B-00C04F79EFBC}") = "DevNote.API", "src\DevNote.API\DevNote.API.csproj", "{31D9C8E6-D5E8-445E-B6FB-D0A2C8F0C328}"
EndProject
Global
	GlobalSection(SolutionConfigurationPlatforms) = preSolution
		Debug|Any CPU = Debug|Any CPU
		Release|Any CPU = Release|Any CPU
	EndGlobalSection
	GlobalSection(ProjectConfigurationPlatforms) = postSolution
		{C9F5FA6D-A5CB-4AC0-920B-AC2FE5187871}.Debug|Any CPU.ActiveCfg = Debug|Any CPU
		{C9F5FA6D-A5CB-4AC0-920B-AC2FE5187871}.Debug|Any CPU.Build.0 = Debug|Any CPU
		{C9F5FA6D-A5CB-4AC0-920B-AC2FE5187871}.Release|Any CPU.ActiveCfg = Release|Any CPU
		{C9F5FA6D-A5CB-4AC0-920B-AC2FE5187871}.Release|Any CPU.Build.0 = Release|Any CPU
		{82CA6B4B-0AFA-4E29-B016-52CC4886EC91}.Debug|Any CPU.ActiveCfg = Debug|Any CPU
		{82CA6B4B-0AFA-4E29-B016-52CC4886EC91}.Debug|Any CPU.Build.0 = Debug|Any CPU
		{82CA6B4B-0AFA-4E29-B016-52CC4886EC91}.Release|Any CPU.ActiveCfg = Release|Any CPU
		{82CA6B4B-0AFA-4E29-B016-52CC4886EC91}.Release|Any CPU.Build.0 = Release|Any CPU
		{31D9C8E6-D5E8-445E-B6FB-D0A2C8F0C328}.Debug|Any CPU.ActiveCfg = Debug|Any CPU
		{31D9C8E6-D5E8-445E-B6FB-D0A2C8F0C328}.Debug|Any CPU.Build.0 = Debug|Any CPU
		{31D9C8E6-D5E8-445E-B6FB-D0A2C8F0C328}.Release|Any CPU.ActiveCfg = Release|Any CPU
		{31D9C8E6-D5E8-445E-B6FB-D0A2C8F0C328}.Release|Any CPU.Build.0 = Release|Any CPU
	EndGlobalSection
EndGlobal
